{
  "name": "gridsome-prismic-source",
  "version": "1.0.0",
  "lockfileVersion": 1,
  "requires": true,
  "dependencies": {
    "cross-fetch": {
      "version": "3.1.5",
      "resolved": "https://registry.npmjs.org/cross-fetch/-/cross-fetch-3.1.5.tgz",
      "integrity": "sha512-lvb1SBsI0Z7GDwmuid+mU3kWVBwTVUbe7S0H52yaaAdQOXq2YktTCZdlAcNKFzE6QtRz0snpw9bNiPeOIkkQvw==",
      "requires": {
        "node-fetch": "2.6.7"
      },
      "dependencies": {
        "node-fetch": {
          "version": "2.6.7",
          "resolved": "https://registry.npmjs.org/node-fetch/-/node-fetch-2.6.7.tgz",
          "integrity": "sha512-ZjMPFEfVx5j+y2yF35Kzx5sF7kDzxuDj6ziH4FFbOp87zKDZNx8yExJIb05OGF4Nlt9IHFIMBkRl41VdvcNdbQ==",
          "requires": {
            "whatwg-url": "^5.0.0"
          }
        }
      }
    },
    "escape-html": {
      "version": "1.0.3",
      "resolved": "https://registry.npmjs.org/escape-html/-/escape-html-1.0.3.tgz",
      "integrity": "sha1-Aljq5NPQwJdN4cFpGI7wBR0dGYg="
    },
    "lodash.clonedeep": {
      "version": "4.5.0",
      "resolved": "https://registry.npmjs.org/lodash.clonedeep/-/lodash.clonedeep-4.5.0.tgz",
      "integrity": "sha1-4j8/nE+Pvd6HJSnBBxhXoIblzO8="
    },
    "marked": {
      "version": "1.1.0",
      "resolved": "https://registry.npmjs.org/marked/-/marked-1.1.0.tgz",
      "integrity": "sha512-EkE7RW6KcXfMHy2PA7Jg0YJE1l8UPEZE8k45tylzmZM30/r1M1MUXWQfJlrSbsTeh7m/XTwHbWUENvAJZpp1YA=="
    },
    "prismic-dom": {
      "version": "2.2.3",
      "resolved": "https://registry.npmjs.org/prismic-dom/-/prismic-dom-2.2.3.tgz",
      "integrity": "sha512-7jwRBbqkll9BPkS4QAQttRaENmAWR9s4PWGGmi7ifobs1J0kYDCrn8PxJ99cywQJQea0jWgAVzOfJhkMmIF8wQ==",
      "requires": {
        "escape-html": "1.0.3",
        "prismic-helpers": "^1.0.3",
        "prismic-richtext": "^1.0.3"
      }
    },
    "prismic-helpers": {
      "version": "1.0.3",
      "resolved": "https://registry.npmjs.org/prismic-helpers/-/prismic-helpers-1.0.3.tgz",
      "integrity": "sha512-eGCSflFwsWeXe7BdqWWGjjoaq1SPr61Y55xIUkgYumKFmfJsK9TVcSkRp0rdwW0hGnnDSRvjJwIo2kkDwG7KxA=="
    },
    "prismic-javascript": {
      "version": "3.0.0",
      "resolved": "https://registry.npmjs.org/prismic-javascript/-/prismic-javascript-3.0.0.tgz",
      "integrity": "sha512-6IKPi9PtqsHyJQQRTkrdySt5W4QP8vu+3cJ4p9KmNzfDAv/hRgWr9ff/tnlTaggo/McsswQaH3xncLq3BHh7wA==",
      "requires": {
        "cross-fetch": "^3.0.4"
      }
    },
    "prismic-richtext": {
      "version": "1.0.3",
      "resolved": "https://registry.npmjs.org/prismic-richtext/-/prismic-richtext-1.0.3.tgz",
      "integrity": "sha512-ZM45dVPL713+oDpt8ysWRY2pw3esBxRrqBlUO+q/T0WK0SNVSq29tQYhVdIALd8hRfF7X1lfpW0Q0YymEdh0AA==",
      "requires": {
        "ramda": "^0.26.1",
        "uuid": "^3.3.2"
      }
    },
    "ramda": {
      "version": "0.26.1",
      "resolved": "https://registry.npmjs.org/ramda/-/ramda-0.26.1.tgz",
      "integrity": "sha512-hLWjpy7EnsDBb0p+Z3B7rPi3GDeRG5ZtiI33kJhTt+ORCd38AbAIjB/9zRIUoeTbE/AVX5ZkU7m6bznsvrf8eQ=="
    },
    "tr46": {
      "version": "0.0.3",
      "resolved": "https://registry.npmjs.org/tr46/-/tr46-0.0.3.tgz",
      "integrity": "sha1-gYT9NH2snNwYWZLzpmIuFLnZq2o="
    },
    "uuid": {
      "version": "3.4.0",
      "resolved": "https://registry.npmjs.org/uuid/-/uuid-3.4.0.tgz",
      "integrity": "sha512-HjSDRw6gZE5JMggctHBcjVak08+KEVhSIiDzFnT9S9aegmp85S/bReBVTb4QTFaRNptJ9kuYaNhnbNEOkbKb/A=="
    },
    "webidl-conversions": {
      "version": "3.0.1",
      "resolved": "https://registry.npmjs.org/webidl-conversions/-/webidl-conversions-3.0.1.tgz",
      "integrity": "sha1-JFNCdeKnvGvnvIZhHMFq4KVlSHE="
    },
    "whatwg-url": {
      "version": "5.0.0",
      "resolved": "https://registry.npmjs.org/whatwg-url/-/whatwg-url-5.0.0.tgz",
      "integrity": "sha1-lmRU6HZUYuN2RNNib2dCzotwll0=",
      "requires": {
        "tr46": "~0.0.3",
        "webidl-conversions": "^3.0.0"
      }
    }
  }
}
